// !$*UTF8*$!
{
	archiveVersion = 1;
	classes = {
	};
	objectVersion = 77;
	objects = {

/* Begin PBXBuildFile section */
		7020AF312E7FD10200F7BB33 /* AIPrompts.swift in Sources */ = {isa = PBXBuildFile; fileRef = 7020AE712E7FD10200F7BB33 /* AIPrompts.swift */; };
		7020AF322E7FD10200F7BB33 /* CustomPrompt.swift in Sources */ = {isa = PBXBuildFile; fileRef = 7020AE722E7FD10200F7BB33 /* CustomPrompt.swift */; };
		7020AF342E7FD10200F7BB33 /* PredefinedModels.swift in Sources */ = {isa = PBXBuildFile; fileRef = 7020AE742E7FD10200F7BB33 /* PredefinedModels.swift */; };
		7020AF352E7FD10200F7BB33 /* PredefinedPrompts.swift in Sources */ = {isa = PBXBuildFile; fileRef = 7020AE752E7FD10200F7BB33 /* PredefinedPrompts.swift */; };
		7020AF362E7FD10200F7BB33 /* PromptTemplates.swift in Sources */ = {isa = PBXBuildFile; fileRef = 7020AE762E7FD10200F7BB33 /* PromptTemplates.swift */; };
		7020AF372E7FD10200F7BB33 /* Transcription.swift in Sources */ = {isa = PBXBuildFile; fileRef = 7020AE772E7FD10200F7BB33 /* Transcription.swift */; };
		7020AF382E7FD10200F7BB33 /* TranscriptionModel.swift in Sources */ = {isa = PBXBuildFile; fileRef = 7020AE782E7FD10200F7BB33 /* TranscriptionModel.swift */; };
		7020AF4B2E7FD10200F7BB33 /* CustomModelManager.swift in Sources */ = {isa = PBXBuildFile; fileRef = 7020AEA32E7FD10200F7BB33 /* CustomModelManager.swift */; };
		7020AFD82E7FD10200F7BB33 /* Assets.xcassets in Resources */ = {isa = PBXBuildFile; fileRef = 7020AF1F2E7FD10200F7BB33 /* Assets.xcassets */; };
		7020AFEF2E7FD48600F7BB33 /* Zip in Frameworks */ = {isa = PBXBuildFile; productRef = 7020AFE92E7FD48600F7BB33 /* Zip */; };
		7020AFF12E7FD48600F7BB33 /* FluidAudio in Frameworks */ = {isa = PBXBuildFile; productRef = 7020AFEB2E7FD48600F7BB33 /* FluidAudio */; };
		7020AFF32E7FD48600F7BB33 /* whisper.xcframework in Frameworks */ = {isa = PBXBuildFile; fileRef = E1B2DCAA2E3DE70A008DFD68 /* whisper.xcframework */; };
		7020AFF82E7FD48600F7BB33 /* whisper.xcframework in Embed Frameworks */ = {isa = PBXBuildFile; fileRef = E1B2DCAA2E3DE70A008DFD68 /* whisper.xcframework */; settings = {ATTRIBUTES = (CodeSignOnCopy, RemoveHeadersOnCopy, ); }; };
		7020B0082E7FD8AC00F7BB33 /* KeyboardShortcuts in Frameworks */ = {isa = PBXBuildFile; productRef = 7020B0072E7FD8AC00F7BB33 /* KeyboardShortcuts */; };
		7020B00B2E7FD90D00F7BB33 /* Sparkle in Frameworks */ = {isa = PBXBuildFile; productRef = 7020B00A2E7FD90D00F7BB33 /* Sparkle */; };
		7020B0142E7FE05B00F7BB33 /* MediaRemoteAdapter in Frameworks */ = {isa = PBXBuildFile; productRef = 7020B0132E7FE05B00F7BB33 /* MediaRemoteAdapter */; };
		7020B0152E7FE06900F7BB33 /* MediaRemoteAdapter in Embed Frameworks */ = {isa = PBXBuildFile; productRef = 7020B0132E7FE05B00F7BB33 /* MediaRemoteAdapter */; settings = {ATTRIBUTES = (CodeSignOnCopy, ); }; };
		7020B0172E7FE34E00F7BB33 /* Transcription.swift in Sources */ = {isa = PBXBuildFile; fileRef = 7020AE772E7FD10200F7BB33 /* Transcription.swift */; };
		7020B0182E7FE39E00F7BB33 /* TranscriptionModel.swift in Sources */ = {isa = PBXBuildFile; fileRef = 7020AE782E7FD10200F7BB33 /* TranscriptionModel.swift */; };
		7020B0192E7FE3CC00F7BB33 /* PredefinedModels.swift in Sources */ = {isa = PBXBuildFile; fileRef = 7020AE742E7FD10200F7BB33 /* PredefinedModels.swift */; };
		7020B01C2E7FE45B00F7BB33 /* CustomModelManager.swift in Sources */ = {isa = PBXBuildFile; fileRef = 7020AEA32E7FD10200F7BB33 /* CustomModelManager.swift */; };
		7020B06C2E7FE8F500F7BB33 /* Main.storyboard in Resources */ = {isa = PBXBuildFile; fileRef = 7020B0682E7FE8F500F7BB33 /* Main.storyboard */; };
		7020B06D2E7FE8F500F7BB33 /* LaunchScreen.storyboard in Resources */ = {isa = PBXBuildFile; fileRef = 7020B0662E7FE8F500F7BB33 /* LaunchScreen.storyboard */; };
		7020B06E2E7FE8F500F7BB33 /* ViewController.swift in Sources */ = {isa = PBXBuildFile; fileRef = 7020B06B2E7FE8F500F7BB33 /* ViewController.swift */; };
		7020B06F2E7FE8F500F7BB33 /* AppDelegate.swift in Sources */ = {isa = PBXBuildFile; fileRef = 7020B0642E7FE8F500F7BB33 /* AppDelegate.swift */; };
		7020B0702E7FE8F500F7BB33 /* SceneDelegate.swift in Sources */ = {isa = PBXBuildFile; fileRef = 7020B06A2E7FE8F500F7BB33 /* SceneDelegate.swift */; };
		7020B0A12E7FF37400F7BB33 /* AIPrompts.swift in Sources */ = {isa = PBXBuildFile; fileRef = 7020AE712E7FD10200F7BB33 /* AIPrompts.swift */; };
		7020B0A22E7FF37400F7BB33 /* CustomPrompt.swift in Sources */ = {isa = PBXBuildFile; fileRef = 7020AE722E7FD10200F7BB33 /* CustomPrompt.swift */; };
		7020B0A32E7FF37400F7BB33 /* PromptTemplates.swift in Sources */ = {isa = PBXBuildFile; fileRef = 7020AE762E7FD10200F7BB33 /* PromptTemplates.swift */; };
		7020B0A42E7FF37400F7BB33 /* PredefinedPrompts.swift in Sources */ = {isa = PBXBuildFile; fileRef = 7020AE752E7FD10200F7BB33 /* PredefinedPrompts.swift */; };
		E11BBA4E2E5DC555000AB839 /* FluidAudio in Frameworks */ = {isa = PBXBuildFile; productRef = E11BBA4D2E5DC555000AB839 /* FluidAudio */; };
		E17382402E4C7D0E001BAEBE /* whisper.xcframework in Frameworks */ = {isa = PBXBuildFile; fileRef = E1B2DCAA2E3DE70A008DFD68 /* whisper.xcframework */; };
		E17382412E4C7D0E001BAEBE /* whisper.xcframework in Embed Frameworks */ = {isa = PBXBuildFile; fileRef = E1B2DCAA2E3DE70A008DFD68 /* whisper.xcframework */; settings = {ATTRIBUTES = (CodeSignOnCopy, RemoveHeadersOnCopy, ); }; };
		E1ADD45A2CC5352A00303ECB /* LaunchAtLogin in Frameworks */ = {isa = PBXBuildFile; productRef = E1ADD4592CC5352A00303ECB /* LaunchAtLogin */; };
		E1ECEC162E44591300DFFBA8 /* Zip in Frameworks */ = {isa = PBXBuildFile; productRef = E1ECEC152E44591300DFFBA8 /* Zip */; };
/* End PBXBuildFile section */

/* Begin PBXContainerItemProxy section */
		E11473C42CBE0F0B00318EE4 /* PBXContainerItemProxy */ = {
			isa = PBXContainerItemProxy;
			containerPortal = E11473A82CBE0F0A00318EE4 /* Project object */;
			proxyType = 1;
			remoteGlobalIDString = E11473AF2CBE0F0A00318EE4;
			remoteInfo = VoiceInk;
		};
		E11473CE2CBE0F0B00318EE4 /* PBXContainerItemProxy */ = {
			isa = PBXContainerItemProxy;
			containerPortal = E11473A82CBE0F0A00318EE4 /* Project object */;
			proxyType = 1;
			remoteGlobalIDString = E11473AF2CBE0F0A00318EE4;
			remoteInfo = VoiceInk;
		};
/* End PBXContainerItemProxy section */

/* Begin PBXCopyFilesBuildPhase section */
		7020AFF72E7FD48600F7BB33 /* Embed Frameworks */ = {
			isa = PBXCopyFilesBuildPhase;
			buildActionMask = 2147483647;
			dstPath = "";
			dstSubfolderSpec = 10;
			files = (
				7020AFF82E7FD48600F7BB33 /* whisper.xcframework in Embed Frameworks */,
			);
			name = "Embed Frameworks";
			runOnlyForDeploymentPostprocessing = 0;
		};
		E1A8C8CD2E1257B7003E58EC /* Embed Frameworks */ = {
			isa = PBXCopyFilesBuildPhase;
			buildActionMask = 2147483647;
			dstPath = "";
			dstSubfolderSpec = 10;
			files = (
				E17382412E4C7D0E001BAEBE /* whisper.xcframework in Embed Frameworks */,
				7020B0152E7FE06900F7BB33 /* MediaRemoteAdapter in Embed Frameworks */,
			);
			name = "Embed Frameworks";
			runOnlyForDeploymentPostprocessing = 0;
		};
/* End PBXCopyFilesBuildPhase section */

/* Begin PBXFileReference section */
		7020AE712E7FD10200F7BB33 /* AIPrompts.swift */ = {isa = PBXFileReference; lastKnownFileType = sourcecode.swift; path = AIPrompts.swift; sourceTree = "<group>"; };
		7020AE722E7FD10200F7BB33 /* CustomPrompt.swift */ = {isa = PBXFileReference; lastKnownFileType = sourcecode.swift; path = CustomPrompt.swift; sourceTree = "<group>"; };
		7020AE742E7FD10200F7BB33 /* PredefinedModels.swift */ = {isa = PBXFileReference; lastKnownFileType = sourcecode.swift; path = PredefinedModels.swift; sourceTree = "<group>"; };
		7020AE752E7FD10200F7BB33 /* PredefinedPrompts.swift */ = {isa = PBXFileReference; lastKnownFileType = sourcecode.swift; path = PredefinedPrompts.swift; sourceTree = "<group>"; };
		7020AE762E7FD10200F7BB33 /* PromptTemplates.swift */ = {isa = PBXFileReference; lastKnownFileType = sourcecode.swift; path = PromptTemplates.swift; sourceTree = "<group>"; };
		7020AE772E7FD10200F7BB33 /* Transcription.swift */ = {isa = PBXFileReference; lastKnownFileType = sourcecode.swift; path = Transcription.swift; sourceTree = "<group>"; };
		7020AE782E7FD10200F7BB33 /* TranscriptionModel.swift */ = {isa = PBXFileReference; lastKnownFileType = sourcecode.swift; path = TranscriptionModel.swift; sourceTree = "<group>"; };
		7020AEA32E7FD10200F7BB33 /* CustomModelManager.swift */ = {isa = PBXFileReference; lastKnownFileType = sourcecode.swift; path = CustomModelManager.swift; sourceTree = "<group>"; };
		7020AF1F2E7FD10200F7BB33 /* Assets.xcassets */ = {isa = PBXFileReference; lastKnownFileType = folder.assetcatalog; path = Assets.xcassets; sourceTree = "<group>"; };
		7020AFFD2E7FD48600F7BB33 /* VoiceInk iOS.app */ = {isa = PBXFileReference; explicitFileType = wrapper.application; includeInIndex = 0; path = "VoiceInk iOS.app"; sourceTree = BUILT_PRODUCTS_DIR; };
		7020B0042E7FD64F00F7BB33 /* VoiceInk.entitlements */ = {isa = PBXFileReference; lastKnownFileType = text.plist.entitlements; path = VoiceInk.entitlements; sourceTree = "<group>"; };
		7020B0052E7FD79F00F7BB33 /* Info.plist */ = {isa = PBXFileReference; lastKnownFileType = text.plist.xml; path = Info.plist; sourceTree = "<group>"; };
		7020B0642E7FE8F500F7BB33 /* AppDelegate.swift */ = {isa = PBXFileReference; lastKnownFileType = sourcecode.swift; path = AppDelegate.swift; sourceTree = "<group>"; };
		7020B0652E7FE8F500F7BB33 /* Base */ = {isa = PBXFileReference; lastKnownFileType = file.storyboard; name = Base; path = LaunchScreen.storyboard; sourceTree = "<group>"; };
		7020B0672E7FE8F500F7BB33 /* Base */ = {isa = PBXFileReference; lastKnownFileType = file.storyboard; name = Base; path = Main.storyboard; sourceTree = "<group>"; };
		7020B06A2E7FE8F500F7BB33 /* SceneDelegate.swift */ = {isa = PBXFileReference; lastKnownFileType = sourcecode.swift; path = SceneDelegate.swift; sourceTree = "<group>"; };
		7020B06B2E7FE8F500F7BB33 /* ViewController.swift */ = {isa = PBXFileReference; lastKnownFileType = sourcecode.swift; path = ViewController.swift; sourceTree = "<group>"; };
		E11473B02CBE0F0A00318EE4 /* VoiceInk.app */ = {isa = PBXFileReference; explicitFileType = wrapper.application; includeInIndex = 0; path = VoiceInk.app; sourceTree = BUILT_PRODUCTS_DIR; };
		E11473C32CBE0F0B00318EE4 /* VoiceInkTests.xctest */ = {isa = PBXFileReference; explicitFileType = wrapper.cfbundle; includeInIndex = 0; path = VoiceInkTests.xctest; sourceTree = BUILT_PRODUCTS_DIR; };
		E11473CD2CBE0F0B00318EE4 /* VoiceInkUITests.xctest */ = {isa = PBXFileReference; explicitFileType = wrapper.cfbundle; includeInIndex = 0; path = VoiceInkUITests.xctest; sourceTree = BUILT_PRODUCTS_DIR; };
		E1B2DCAA2E3DE70A008DFD68 /* whisper.xcframework */ = {isa = PBXFileReference; lastKnownFileType = wrapper.xcframework; name = whisper.xcframework; path = "../whisper.cpp/build-apple/whisper.xcframework"; sourceTree = "<group>"; };
/* End PBXFileReference section */

/* Begin PBXFileSystemSynchronizedBuildFileExceptionSet section */
		7020AFFE2E7FD48700F7BB33 /* Exceptions for "VoiceInk" folder in "VoiceInk iOS" target */ = {
			isa = PBXFileSystemSynchronizedBuildFileExceptionSet;
			membershipExceptions = (
				AppDelegate.swift,
				AppIntents/AppShortcuts.swift,
				AppIntents/DismissMiniRecorderIntent.swift,
				AppIntents/ToggleMiniRecorderIntent.swift,
				ClipboardManager.swift,
				CursorPaster.swift,
				EmailSupport.swift,
				HotkeyManager.swift,
				Info.plist,
				MediaController.swift,
				MenuBarManager.swift,
				MiniRecorderShortcutManager.swift,
				Models/LicenseViewModel.swift,
				Notifications/AnnouncementManager.swift,
				Notifications/AnnouncementView.swift,
				Notifications/AppNotifications.swift,
				Notifications/AppNotificationView.swift,
				Notifications/NotificationManager.swift,
				PlaybackController.swift,
				PowerMode/ActiveWindowService.swift,
				PowerMode/AppPicker.swift,
				PowerMode/BrowserURLService.swift,
				PowerMode/EmojiManager.swift,
				PowerMode/EmojiPickerView.swift,
				PowerMode/PowerModeConfig.swift,
				PowerMode/PowerModeConfigView.swift,
				PowerMode/PowerModePopover.swift,
				PowerMode/PowerModeSessionManager.swift,
				PowerMode/PowerModeValidator.swift,
				PowerMode/PowerModeView.swift,
				PowerMode/PowerModeViewComponents.swift,
				"Preview Content/Preview Assets.xcassets",
				Recorder.swift,
				Resources/arcURL.scpt,
				Resources/braveURL.scpt,
				Resources/chromeURL.scpt,
				Resources/edgeURL.scpt,
				Resources/firefoxURL.scpt,
				"Resources/models/ggml-silero-v5.1.2.bin",
				Resources/operaURL.scpt,
				Resources/orionURL.scpt,
				Resources/safariURL.scpt,
				Resources/Sounds/esc.wav,
				Resources/Sounds/pastess.mp3,
				Resources/Sounds/recstart.mp3,
				Resources/Sounds/recstop.mp3,
				Resources/vivaldiURL.scpt,
				Resources/yandexURL.scpt,
				Resources/zenURL.scpt,
				Services/AIEnhancementOutputFilter.swift,
				Services/AIEnhancementService.swift,
				Services/AIService.swift,
				Services/AnnouncementsService.swift,
				Services/AudioDeviceConfiguration.swift,
				Services/AudioDeviceManager.swift,
				Services/AudioFileProcessor.swift,
				Services/AudioFileTranscriptionManager.swift,
				Services/AudioFileTranscriptionService.swift,
				Services/CloudTranscription/CloudTranscriptionService.swift,
				Services/CloudTranscription/DeepgramTranscriptionService.swift,
				Services/CloudTranscription/ElevenLabsTranscriptionService.swift,
				Services/CloudTranscription/GeminiTranscriptionService.swift,
				Services/CloudTranscription/GroqTranscriptionService.swift,
				Services/CloudTranscription/MistralTranscriptionService.swift,
				Services/CloudTranscription/OpenAICompatibleTranscriptionService.swift,
				Services/DictionaryContextService.swift,
				Services/ImportExportService.swift,
				Services/LastTranscriptionService.swift,
				Services/LocalTranscriptionService.swift,
				Services/NativeAppleTranscriptionService.swift,
				Services/Obfuscator.swift,
				Services/OllamaService.swift,
				Services/ParakeetTranscriptionService.swift,
				Services/PasteEligibilityService.swift,
				Services/PolarService.swift,
				Services/PromptDetectionService.swift,
				Services/PromptMigrationService.swift,
				Services/ScreenCaptureService.swift,
				Services/SelectedTextService.swift,
				Services/SupportedMedia.swift,
				Services/TranscriptionAutoCleanupService.swift,
				Services/TranscriptionFallbackManager.swift,
				Services/TranscriptionService.swift,
				Services/UserDefaultsManager.swift,
				Services/VoiceActivityDetector.swift,
				Services/VoiceInkCSVExportService.swift,
				Services/WordReplacementService.swift,
				SoundManager.swift,
				"Views/AI Models/AddCustomModelView.swift",
				"Views/AI Models/APIKeyManagementView.swift",
				"Views/AI Models/CloudModelCardRowView.swift",
				"Views/AI Models/CustomModelCardRowView.swift",
				"Views/AI Models/LanguageSelectionView.swift",
				"Views/AI Models/LocalModelCardRowView.swift",
				"Views/AI Models/ModelCardRowView.swift",
				"Views/AI Models/ModelManagementView.swift",
				"Views/AI Models/NativeModelCardRowView.swift",
				"Views/AI Models/ParakeetModelCardRowView.swift",
				Views/AudioPlayerView.swift,
				Views/AudioTranscribeView.swift,
				Views/Common/AnimatedCopyButton.swift,
				Views/Common/AnimatedSaveButton.swift,
				Views/Common/AppIconView.swift,
				Views/Common/CardBackground.swift,
				Views/Common/TranscriptionFallbackView.swift,
				Views/Components/InfoTip.swift,
				Views/Components/ProBadge.swift,
				Views/Components/PromptSelectionGrid.swift,
				Views/Components/TrialMessageView.swift,
				Views/ContentView.swift,
				Views/Dictionary/DictionarySettingsView.swift,
				Views/Dictionary/DictionaryView.swift,
				Views/Dictionary/EditReplacementSheet.swift,
				Views/Dictionary/WordReplacementView.swift,
				Views/EnhancementSettingsView.swift,
				Views/KeyboardShortcutView.swift,
				Views/LicenseManagementView.swift,
				Views/LicenseView.swift,
				Views/MenuBarView.swift,
				Views/Metrics/MetricCard.swift,
				Views/Metrics/MetricsContent.swift,
				Views/Metrics/MetricsSetupView.swift,
				Views/Metrics/PerformanceAnalysisView.swift,
				Views/Metrics/TimeEfficiencyView.swift,
				Views/MetricsView.swift,
				Views/ModelSettingsView.swift,
				Views/Onboarding/OnboardingModelDownloadView.swift,
				Views/Onboarding/OnboardingPermissionsView.swift,
				Views/Onboarding/OnboardingTutorialView.swift,
				Views/Onboarding/OnboardingView.swift,
				Views/PermissionsView.swift,
				Views/PromptEditorView.swift,
				Views/Recorder/AudioVisualizerView.swift,
				Views/Recorder/EnhancementPromptPopover.swift,
				Views/Recorder/MiniRecorderPanel.swift,
				Views/Recorder/MiniRecorderView.swift,
				Views/Recorder/MiniWindowManager.swift,
				Views/Recorder/NotchRecorderPanel.swift,
				Views/Recorder/NotchRecorderView.swift,
				Views/Recorder/NotchShape.swift,
				Views/Recorder/NotchWindowManager.swift,
				Views/Recorder/RecorderComponents.swift,
				Views/Settings/AudioCleanupManager.swift,
				Views/Settings/AudioCleanupSettingsView.swift,
				Views/Settings/AudioInputSettingsView.swift,
				Views/Settings/ExperimentalFeaturesSection.swift,
				Views/Settings/SettingsView.swift,
				Views/TranscriptionCard.swift,
				Views/TranscriptionHistoryView.swift,
				VoiceInk.swift,
				Whisper/LibWhisper.swift,
				Whisper/VADModelManager.swift,
				Whisper/WhisperError.swift,
				Whisper/WhisperHallucinationFilter.swift,
				Whisper/WhisperPrompt.swift,
				Whisper/WhisperState.swift,
				"Whisper/WhisperState+LocalModelManager.swift",
				"Whisper/WhisperState+ModelManagement.swift",
				"Whisper/WhisperState+ModelQueries.swift",
				"Whisper/WhisperState+Parakeet.swift",
				"Whisper/WhisperState+UI.swift",
				Whisper/WhisperTextFormatter.swift,
				WindowManager.swift,
			);
			target = 7020AFE02E7FD48600F7BB33 /* VoiceInk iOS */;
		};
		7020B0162E7FE1B800F7BB33 /* Exceptions for "VoiceInk" folder in "VoiceInk" target */ = {
			isa = PBXFileSystemSynchronizedBuildFileExceptionSet;
			membershipExceptions = (
				Info.plist,
			);
			target = E11473AF2CBE0F0A00318EE4 /* VoiceInk */;
		};
/* End PBXFileSystemSynchronizedBuildFileExceptionSet section */

/* Begin PBXFileSystemSynchronizedRootGroup section */
		7020B0032E7FD58100F7BB33 /* Preview Content */ = {
			isa = PBXFileSystemSynchronizedRootGroup;
			path = "Preview Content";
			sourceTree = "<group>";
		};
		E11473B22CBE0F0A00318EE4 /* VoiceInk */ = {
			isa = PBXFileSystemSynchronizedRootGroup;
			exceptions = (
				7020B0162E7FE1B800F7BB33 /* Exceptions for "VoiceInk" folder in "VoiceInk" target */,
				7020AFFE2E7FD48700F7BB33 /* Exceptions for "VoiceInk" folder in "VoiceInk iOS" target */,
			);
			path = VoiceInk;
			sourceTree = "<group>";
		};
		E11473C62CBE0F0B00318EE4 /* VoiceInkTests */ = {
			isa = PBXFileSystemSynchronizedRootGroup;
			path = VoiceInkTests;
			sourceTree = "<group>";
		};
		E11473D02CBE0F0B00318EE4 /* VoiceInkUITests */ = {
			isa = PBXFileSystemSynchronizedRootGroup;
			path = VoiceInkUITests;
			sourceTree = "<group>";
		};
/* End PBXFileSystemSynchronizedRootGroup section */

/* Begin PBXFrameworksBuildPhase section */
		7020AFEE2E7FD48600F7BB33 /* Frameworks */ = {
			isa = PBXFrameworksBuildPhase;
			buildActionMask = 2147483647;
			files = (
				7020AFEF2E7FD48600F7BB33 /* Zip in Frameworks */,
				7020AFF12E7FD48600F7BB33 /* FluidAudio in Frameworks */,
				7020AFF32E7FD48600F7BB33 /* whisper.xcframework in Frameworks */,
			);
			runOnlyForDeploymentPostprocessing = 0;
		};
		E11473AD2CBE0F0A00318EE4 /* Frameworks */ = {
			isa = PBXFrameworksBuildPhase;
			buildActionMask = 2147483647;
			files = (
				7020B00B2E7FD90D00F7BB33 /* Sparkle in Frameworks */,
				E1ECEC162E44591300DFFBA8 /* Zip in Frameworks */,
				E1ADD45A2CC5352A00303ECB /* LaunchAtLogin in Frameworks */,
				E11BBA4E2E5DC555000AB839 /* FluidAudio in Frameworks */,
				7020B0142E7FE05B00F7BB33 /* MediaRemoteAdapter in Frameworks */,
				E17382402E4C7D0E001BAEBE /* whisper.xcframework in Frameworks */,
				7020B0082E7FD8AC00F7BB33 /* KeyboardShortcuts in Frameworks */,
			);
			runOnlyForDeploymentPostprocessing = 0;
		};
		E11473C02CBE0F0B00318EE4 /* Frameworks */ = {
			isa = PBXFrameworksBuildPhase;
			buildActionMask = 2147483647;
			files = (
			);
			runOnlyForDeploymentPostprocessing = 0;
		};
		E11473CA2CBE0F0B00318EE4 /* Frameworks */ = {
			isa = PBXFrameworksBuildPhase;
			buildActionMask = 2147483647;
			files = (
			);
			runOnlyForDeploymentPostprocessing = 0;
		};
/* End PBXFrameworksBuildPhase section */

/* Begin PBXGroup section */
		7020B0002E7FD51300F7BB33 /* VoiceInk iOS */ = {
			isa = PBXGroup;
			children = (
				7020B0642E7FE8F500F7BB33 /* AppDelegate.swift */,
				7020B0692E7FE8F500F7BB33 /* Base.lproj */,
				7020B06A2E7FE8F500F7BB33 /* SceneDelegate.swift */,
				7020B06B2E7FE8F500F7BB33 /* ViewController.swift */,
				7020B0052E7FD79F00F7BB33 /* Info.plist */,
				7020B0042E7FD64F00F7BB33 /* VoiceInk.entitlements */,
				7020B0032E7FD58100F7BB33 /* Preview Content */,
			);
			path = "VoiceInk iOS";
			sourceTree = "<group>";
		};
		7020B0012E7FD52B00F7BB33 /* VoiceInkCore */ = {
			isa = PBXGroup;
			children = (
				7020B01A2E7FE41D00F7BB33 /* Services */,
				7020B0112E7FDE7E00F7BB33 /* Models */,
			);
			path = VoiceInkCore;
			sourceTree = "<group>";
		};
		7020B0112E7FDE7E00F7BB33 /* Models */ = {
			isa = PBXGroup;
			children = (
				7020AE712E7FD10200F7BB33 /* AIPrompts.swift */,
				7020AE722E7FD10200F7BB33 /* CustomPrompt.swift */,
				7020AE752E7FD10200F7BB33 /* PredefinedPrompts.swift */,
				7020AE762E7FD10200F7BB33 /* PromptTemplates.swift */,
				7020AE782E7FD10200F7BB33 /* TranscriptionModel.swift */,
				7020AE772E7FD10200F7BB33 /* Transcription.swift */,
				7020AE742E7FD10200F7BB33 /* PredefinedModels.swift */,
			);
			path = Models;
			sourceTree = "<group>";
		};
		7020B01A2E7FE41D00F7BB33 /* Services */ = {
			isa = PBXGroup;
			children = (
				7020B01B2E7FE42600F7BB33 /* CloudTranscription */,
			);
			path = Services;
			sourceTree = "<group>";
		};
		7020B01B2E7FE42600F7BB33 /* CloudTranscription */ = {
			isa = PBXGroup;
			children = (
				7020AEA32E7FD10200F7BB33 /* CustomModelManager.swift */,
			);
			path = CloudTranscription;
			sourceTree = "<group>";
		};
		7020B0692E7FE8F500F7BB33 /* Base.lproj */ = {
			isa = PBXGroup;
			children = (
				7020B0662E7FE8F500F7BB33 /* LaunchScreen.storyboard */,
				7020B0682E7FE8F500F7BB33 /* Main.storyboard */,
			);
			path = Base.lproj;
			sourceTree = "<group>";
		};
		E11473A72CBE0F0A00318EE4 = {
			isa = PBXGroup;
			children = (
				7020B0012E7FD52B00F7BB33 /* VoiceInkCore */,
				E11473B22CBE0F0A00318EE4 /* VoiceInk */,
				7020B0002E7FD51300F7BB33 /* VoiceInk iOS */,
				E11473C62CBE0F0B00318EE4 /* VoiceInkTests */,
				E11473D02CBE0F0B00318EE4 /* VoiceInkUITests */,
				E114741C2CBE1DE200318EE4 /* Frameworks */,
				E11473B12CBE0F0A00318EE4 /* Products */,
				7020AF1F2E7FD10200F7BB33 /* Assets.xcassets */,
			);
			sourceTree = "<group>";
		};
		E11473B12CBE0F0A00318EE4 /* Products */ = {
			isa = PBXGroup;
			children = (
				E11473B02CBE0F0A00318EE4 /* VoiceInk.app */,
				E11473C32CBE0F0B00318EE4 /* VoiceInkTests.xctest */,
				E11473CD2CBE0F0B00318EE4 /* VoiceInkUITests.xctest */,
				7020AFFD2E7FD48600F7BB33 /* VoiceInk iOS.app */,
			);
			name = Products;
			sourceTree = "<group>";
		};
		E114741C2CBE1DE200318EE4 /* Frameworks */ = {
			isa = PBXGroup;
			children = (
				E1B2DCAA2E3DE70A008DFD68 /* whisper.xcframework */,
			);
			name = Frameworks;
			sourceTree = "<group>";
		};
/* End PBXGroup section */

/* Begin PBXNativeTarget section */
		7020AFE02E7FD48600F7BB33 /* VoiceInk iOS */ = {
			isa = PBXNativeTarget;
			buildConfigurationList = 7020AFFA2E7FD48600F7BB33 /* Build configuration list for PBXNativeTarget "VoiceInk iOS" */;
			buildPhases = (
				7020AFED2E7FD48600F7BB33 /* Sources */,
				7020AFEE2E7FD48600F7BB33 /* Frameworks */,
				7020AFF62E7FD48600F7BB33 /* Resources */,
				7020AFF72E7FD48600F7BB33 /* Embed Frameworks */,
			);
			buildRules = (
			);
			dependencies = (
			);
			fileSystemSynchronizedGroups = (
				E11473B22CBE0F0A00318EE4 /* VoiceInk */,
			);
			name = "VoiceInk iOS";
			packageProductDependencies = (
				7020AFE92E7FD48600F7BB33 /* Zip */,
				7020AFEB2E7FD48600F7BB33 /* FluidAudio */,
			);
			productName = VoiceInk;
			productReference = 7020AFFD2E7FD48600F7BB33 /* VoiceInk iOS.app */;
			productType = "com.apple.product-type.application";
		};
		E11473AF2CBE0F0A00318EE4 /* VoiceInk */ = {
			isa = PBXNativeTarget;
			buildConfigurationList = E11473D72CBE0F0B00318EE4 /* Build configuration list for PBXNativeTarget "VoiceInk" */;
			buildPhases = (
				E11473AC2CBE0F0A00318EE4 /* Sources */,
				E11473AD2CBE0F0A00318EE4 /* Frameworks */,
				E11473AE2CBE0F0A00318EE4 /* Resources */,
				E1A8C8CD2E1257B7003E58EC /* Embed Frameworks */,
			);
			buildRules = (
			);
			dependencies = (
			);
			fileSystemSynchronizedGroups = (
				E11473B22CBE0F0A00318EE4 /* VoiceInk */,
			);
			name = VoiceInk;
			packageProductDependencies = (
				E1ADD4592CC5352A00303ECB /* LaunchAtLogin */,
				E1ECEC152E44591300DFFBA8 /* Zip */,
				E11BBA4D2E5DC555000AB839 /* FluidAudio */,
				7020B0072E7FD8AC00F7BB33 /* KeyboardShortcuts */,
				7020B00A2E7FD90D00F7BB33 /* Sparkle */,
				7020B0132E7FE05B00F7BB33 /* MediaRemoteAdapter */,
			);
			productName = VoiceInk;
			productReference = E11473B02CBE0F0A00318EE4 /* VoiceInk.app */;
			productType = "com.apple.product-type.application";
		};
		E11473C22CBE0F0B00318EE4 /* VoiceInkTests */ = {
			isa = PBXNativeTarget;
			buildConfigurationList = E11473DA2CBE0F0B00318EE4 /* Build configuration list for PBXNativeTarget "VoiceInkTests" */;
			buildPhases = (
				E11473BF2CBE0F0B00318EE4 /* Sources */,
				E11473C02CBE0F0B00318EE4 /* Frameworks */,
				E11473C12CBE0F0B00318EE4 /* Resources */,
			);
			buildRules = (
			);
			dependencies = (
				E11473C52CBE0F0B00318EE4 /* PBXTargetDependency */,
			);
			fileSystemSynchronizedGroups = (
				E11473C62CBE0F0B00318EE4 /* VoiceInkTests */,
			);
			name = VoiceInkTests;
			packageProductDependencies = (
			);
			productName = VoiceInkTests;
			productReference = E11473C32CBE0F0B00318EE4 /* VoiceInkTests.xctest */;
			productType = "com.apple.product-type.bundle.unit-test";
		};
		E11473CC2CBE0F0B00318EE4 /* VoiceInkUITests */ = {
			isa = PBXNativeTarget;
			buildConfigurationList = E11473DD2CBE0F0B00318EE4 /* Build configuration list for PBXNativeTarget "VoiceInkUITests" */;
			buildPhases = (
				E11473C92CBE0F0B00318EE4 /* Sources */,
				E11473CA2CBE0F0B00318EE4 /* Frameworks */,
				E11473CB2CBE0F0B00318EE4 /* Resources */,
			);
			buildRules = (
			);
			dependencies = (
				E11473CF2CBE0F0B00318EE4 /* PBXTargetDependency */,
			);
			fileSystemSynchronizedGroups = (
				E11473D02CBE0F0B00318EE4 /* VoiceInkUITests */,
			);
			name = VoiceInkUITests;
			packageProductDependencies = (
			);
			productName = VoiceInkUITests;
			productReference = E11473CD2CBE0F0B00318EE4 /* VoiceInkUITests.xctest */;
			productType = "com.apple.product-type.bundle.ui-testing";
		};
/* End PBXNativeTarget section */

/* Begin PBXProject section */
		E11473A82CBE0F0A00318EE4 /* Project object */ = {
			isa = PBXProject;
			attributes = {
				BuildIndependentTargetsInParallel = 1;
				LastSwiftUpdateCheck = 1600;
				LastUpgradeCheck = 2600;
				TargetAttributes = {
					7020AFE02E7FD48600F7BB33 = {
						LastSwiftMigration = 2600;
					};
					E11473AF2CBE0F0A00318EE4 = {
						CreatedOnToolsVersion = 16.0;
					};
					E11473C22CBE0F0B00318EE4 = {
						CreatedOnToolsVersion = 16.0;
						TestTargetID = E11473AF2CBE0F0A00318EE4;
					};
					E11473CC2CBE0F0B00318EE4 = {
						CreatedOnToolsVersion = 16.0;
						TestTargetID = E11473AF2CBE0F0A00318EE4;
					};
				};
			};
			buildConfigurationList = E11473AB2CBE0F0A00318EE4 /* Build configuration list for PBXProject "VoiceInk" */;
			developmentRegion = en;
			hasScannedForEncodings = 0;
			knownRegions = (
				en,
				Base,
			);
			mainGroup = E11473A72CBE0F0A00318EE4;
			minimizedProjectReferenceProxies = 1;
			packageReferences = (
				E1ADD4582CC5352A00303ECB /* XCRemoteSwiftPackageReference "LaunchAtLogin-Modern" */,
				E1ECEC142E44590200DFFBA8 /* XCRemoteSwiftPackageReference "Zip" */,
				E11BBA4C2E5DC555000AB839 /* XCRemoteSwiftPackageReference "FluidAudio" */,
				7020B0062E7FD8AC00F7BB33 /* XCRemoteSwiftPackageReference "KeyboardShortcuts" */,
				7020B0092E7FD90D00F7BB33 /* XCRemoteSwiftPackageReference "Sparkle" */,
				7020B0122E7FE05B00F7BB33 /* XCRemoteSwiftPackageReference "mediaremote-adapter" */,
			);
			preferredProjectObjectVersion = 77;
			productRefGroup = E11473B12CBE0F0A00318EE4 /* Products */;
			projectDirPath = "";
			projectRoot = "";
			targets = (
				E11473AF2CBE0F0A00318EE4 /* VoiceInk */,
				7020AFE02E7FD48600F7BB33 /* VoiceInk iOS */,
				E11473C22CBE0F0B00318EE4 /* VoiceInkTests */,
				E11473CC2CBE0F0B00318EE4 /* VoiceInkUITests */,
			);
		};
/* End PBXProject section */

/* Begin PBXResourcesBuildPhase section */
		7020AFF62E7FD48600F7BB33 /* Resources */ = {
			isa = PBXResourcesBuildPhase;
			buildActionMask = 2147483647;
			files = (
				7020B06C2E7FE8F500F7BB33 /* Main.storyboard in Resources */,
				7020B06D2E7FE8F500F7BB33 /* LaunchScreen.storyboard in Resources */,
			);
			runOnlyForDeploymentPostprocessing = 0;
		};
		E11473AE2CBE0F0A00318EE4 /* Resources */ = {
			isa = PBXResourcesBuildPhase;
			buildActionMask = 2147483647;
			files = (
				7020AFD82E7FD10200F7BB33 /* Assets.xcassets in Resources */,
			);
			runOnlyForDeploymentPostprocessing = 0;
		};
		E11473C12CBE0F0B00318EE4 /* Resources */ = {
			isa = PBXResourcesBuildPhase;
			buildActionMask = 2147483647;
			files = (
			);
			runOnlyForDeploymentPostprocessing = 0;
		};
		E11473CB2CBE0F0B00318EE4 /* Resources */ = {
			isa = PBXResourcesBuildPhase;
			buildActionMask = 2147483647;
			files = (
			);
			runOnlyForDeploymentPostprocessing = 0;
		};
/* End PBXResourcesBuildPhase section */

/* Begin PBXSourcesBuildPhase section */
		7020AFED2E7FD48600F7BB33 /* Sources */ = {
			isa = PBXSourcesBuildPhase;
			buildActionMask = 2147483647;
			files = (
				7020B0182E7FE39E00F7BB33 /* TranscriptionModel.swift in Sources */,
				7020B0A12E7FF37400F7BB33 /* AIPrompts.swift in Sources */,
				7020B0A22E7FF37400F7BB33 /* CustomPrompt.swift in Sources */,
				7020B0A32E7FF37400F7BB33 /* PromptTemplates.swift in Sources */,
				7020B0A42E7FF37400F7BB33 /* PredefinedPrompts.swift in Sources */,
				7020B06E2E7FE8F500F7BB33 /* ViewController.swift in Sources */,
				7020B06F2E7FE8F500F7BB33 /* AppDelegate.swift in Sources */,
				7020B0702E7FE8F500F7BB33 /* SceneDelegate.swift in Sources */,
				7020B0172E7FE34E00F7BB33 /* Transcription.swift in Sources */,
				7020B01C2E7FE45B00F7BB33 /* CustomModelManager.swift in Sources */,
				7020B0192E7FE3CC00F7BB33 /* PredefinedModels.swift in Sources */,
			);
			runOnlyForDeploymentPostprocessing = 0;
		};
		E11473AC2CBE0F0A00318EE4 /* Sources */ = {
			isa = PBXSourcesBuildPhase;
			buildActionMask = 2147483647;
			files = (
				7020AF312E7FD10200F7BB33 /* AIPrompts.swift in Sources */,
				7020AF322E7FD10200F7BB33 /* CustomPrompt.swift in Sources */,
				7020AF342E7FD10200F7BB33 /* PredefinedModels.swift in Sources */,
				7020AF352E7FD10200F7BB33 /* PredefinedPrompts.swift in Sources */,
				7020AF362E7FD10200F7BB33 /* PromptTemplates.swift in Sources */,
				7020AF372E7FD10200F7BB33 /* Transcription.swift in Sources */,
				7020AF382E7FD10200F7BB33 /* TranscriptionModel.swift in Sources */,
				7020AF4B2E7FD10200F7BB33 /* CustomModelManager.swift in Sources */,
			);
			runOnlyForDeploymentPostprocessing = 0;
		};
		E11473BF2CBE0F0B00318EE4 /* Sources */ = {
			isa = PBXSourcesBuildPhase;
			buildActionMask = 2147483647;
			files = (
			);
			runOnlyForDeploymentPostprocessing = 0;
		};
		E11473C92CBE0F0B00318EE4 /* Sources */ = {
			isa = PBXSourcesBuildPhase;
			buildActionMask = 2147483647;
			files = (
			);
			runOnlyForDeploymentPostprocessing = 0;
		};
/* End PBXSourcesBuildPhase section */

/* Begin PBXTargetDependency section */
		E11473C52CBE0F0B00318EE4 /* PBXTargetDependency */ = {
			isa = PBXTargetDependency;
			target = E11473AF2CBE0F0A00318EE4 /* VoiceInk */;
			targetProxy = E11473C42CBE0F0B00318EE4 /* PBXContainerItemProxy */;
		};
		E11473CF2CBE0F0B00318EE4 /* PBXTargetDependency */ = {
			isa = PBXTargetDependency;
			target = E11473AF2CBE0F0A00318EE4 /* VoiceInk */;
			targetProxy = E11473CE2CBE0F0B00318EE4 /* PBXContainerItemProxy */;
		};
/* End PBXTargetDependency section */

/* Begin PBXVariantGroup section */
		7020B0662E7FE8F500F7BB33 /* LaunchScreen.storyboard */ = {
			isa = PBXVariantGroup;
			children = (
				7020B0652E7FE8F500F7BB33 /* Base */,
			);
			name = LaunchScreen.storyboard;
			sourceTree = "<group>";
		};
		7020B0682E7FE8F500F7BB33 /* Main.storyboard */ = {
			isa = PBXVariantGroup;
			children = (
				7020B0672E7FE8F500F7BB33 /* Base */,
			);
			name = Main.storyboard;
			sourceTree = "<group>";
		};
/* End PBXVariantGroup section */

/* Begin XCBuildConfiguration section */
		7020AFFB2E7FD48600F7BB33 /* Debug */ = {
			isa = XCBuildConfiguration;
			buildSettings = {
				ARCHS = "$(ARCHS_STANDARD)";
				ASSETCATALOG_COMPILER_APPICON_NAME = AppIcon;
				ASSETCATALOG_COMPILER_GLOBAL_ACCENT_COLOR_NAME = AccentColor;
				AUTOMATION_APPLE_EVENTS = YES;
				CLANG_ENABLE_MODULES = YES;
				CODE_SIGN_ENTITLEMENTS = "VoiceInk iOS/VoiceInk.entitlements";
				"CODE_SIGN_IDENTITY[sdk=macosx*]" = "Apple Development";
				CODE_SIGN_STYLE = Automatic;
				COMBINE_HIDPI_IMAGES = YES;
				CURRENT_PROJECT_VERSION = 155;
				DEAD_CODE_STRIPPING = YES;
				DEVELOPMENT_ASSET_PATHS = "\"VoiceInk iOS/Preview Content\"";
				DEVELOPMENT_TEAM = F2NXUCKJL5;
				ENABLE_APP_SANDBOX = YES;
				ENABLE_HARDENED_RUNTIME = YES;
				ENABLE_INCOMING_NETWORK_CONNECTIONS = YES;
				ENABLE_OUTGOING_NETWORK_CONNECTIONS = YES;
				ENABLE_PREVIEWS = YES;
				ENABLE_RESOURCE_ACCESS_AUDIO_INPUT = YES;
				ENABLE_USER_SELECTED_FILES = readonly;
				GENERATE_INFOPLIST_FILE = YES;
				INFOPLIST_FILE = "VoiceInk iOS/Info.plist";
				INFOPLIST_KEY_CFBundleDisplayName = VoiceInk;
				INFOPLIST_KEY_LSApplicationCategoryType = "public.app-category.productivity";
				INFOPLIST_KEY_LSUIElement = NO;
				INFOPLIST_KEY_NSAppleEventsUsageDescription = "VoiceInk needs to interact with your browser to detect the current website for applying website-specific configurations.";
				INFOPLIST_KEY_NSHumanReadableCopyright = "";
				INFOPLIST_KEY_NSMicrophoneUsageDescription = "VoiceInk needs access to your microphone to record audio for transcription.";
				IPHONEOS_DEPLOYMENT_TARGET = 17.0;
				LD_RUNPATH_SEARCH_PATHS = (
					"$(inherited)",
					"@executable_path/../Frameworks",
				);
				MACOSX_DEPLOYMENT_TARGET = 14.0;
				MARKETING_VERSION = 1.55;
				PRODUCT_BUNDLE_IDENTIFIER = com.yuegr.VoiceInk;
				PRODUCT_NAME = "$(TARGET_NAME)";
				SUPPORTED_PLATFORMS = "iphoneos iphonesimulator";
				SUPPORTS_MACCATALYST = NO;
				SWIFT_ACTIVE_COMPILATION_CONDITIONS = "DEBUG ENABLE_NATIVE_SPEECH_ANALYZER $(inherited)";
				SWIFT_EMIT_LOC_STRINGS = YES;
				SWIFT_OPTIMIZATION_LEVEL = "-Onone";
				SWIFT_VERSION = 5.0;
				TARGETED_DEVICE_FAMILY = "1,2";
			};
			name = Debug;
		};
		7020AFFC2E7FD48600F7BB33 /* Release */ = {
			isa = XCBuildConfiguration;
			buildSettings = {
				ARCHS = "$(ARCHS_STANDARD)";
				ASSETCATALOG_COMPILER_APPICON_NAME = AppIcon;
				ASSETCATALOG_COMPILER_GLOBAL_ACCENT_COLOR_NAME = AccentColor;
				AUTOMATION_APPLE_EVENTS = YES;
				CLANG_ENABLE_MODULES = YES;
				CODE_SIGN_ENTITLEMENTS = "VoiceInk iOS/VoiceInk.entitlements";
				"CODE_SIGN_IDENTITY[sdk=macosx*]" = "Apple Development";
				CODE_SIGN_STYLE = Automatic;
				COMBINE_HIDPI_IMAGES = YES;
				CURRENT_PROJECT_VERSION = 155;
				DEAD_CODE_STRIPPING = YES;
				DEVELOPMENT_ASSET_PATHS = "\"VoiceInk iOS/Preview Content\"";
				DEVELOPMENT_TEAM = F2NXUCKJL5;
				ENABLE_APP_SANDBOX = YES;
				ENABLE_HARDENED_RUNTIME = YES;
				ENABLE_INCOMING_NETWORK_CONNECTIONS = YES;
				ENABLE_OUTGOING_NETWORK_CONNECTIONS = YES;
				ENABLE_PREVIEWS = YES;
				ENABLE_RESOURCE_ACCESS_AUDIO_INPUT = YES;
				ENABLE_USER_SELECTED_FILES = readonly;
				GENERATE_INFOPLIST_FILE = YES;
				INFOPLIST_FILE = "VoiceInk iOS/Info.plist";
				INFOPLIST_KEY_CFBundleDisplayName = VoiceInk;
				INFOPLIST_KEY_LSApplicationCategoryType = "public.app-category.productivity";
				INFOPLIST_KEY_LSUIElement = NO;
				INFOPLIST_KEY_NSAppleEventsUsageDescription = "VoiceInk needs to interact with your browser to detect the current website for applying website-specific configurations.";
				INFOPLIST_KEY_NSHumanReadableCopyright = "";
				INFOPLIST_KEY_NSMicrophoneUsageDescription = "VoiceInk needs access to your microphone to record audio for transcription.";
				IPHONEOS_DEPLOYMENT_TARGET = 17.0;
				LD_RUNPATH_SEARCH_PATHS = (
					"$(inherited)",
					"@executable_path/../Frameworks",
				);
				MACOSX_DEPLOYMENT_TARGET = 14.0;
				MARKETING_VERSION = 1.55;
				PRODUCT_BUNDLE_IDENTIFIER = com.yuegr.VoiceInk;
				PRODUCT_NAME = "$(TARGET_NAME)";
				SUPPORTED_PLATFORMS = "iphoneos iphonesimulator";
				SUPPORTS_MACCATALYST = NO;
				SWIFT_ACTIVE_COMPILATION_CONDITIONS = "ENABLE_NATIVE_SPEECH_ANALYZER $(inherited)";
				SWIFT_EMIT_LOC_STRINGS = YES;
				SWIFT_VERSION = 5.0;
				TARGETED_DEVICE_FAMILY = "1,2";
			};
			name = Release;
		};
		E11473D52CBE0F0B00318EE4 /* Debug */ = {
			isa = XCBuildConfiguration;
			buildSettings = {
				ALWAYS_SEARCH_USER_PATHS = NO;
				ASSETCATALOG_COMPILER_GENERATE_SWIFT_ASSET_SYMBOL_EXTENSIONS = YES;
				CLANG_ANALYZER_NONNULL = YES;
				CLANG_ANALYZER_NUMBER_OBJECT_CONVERSION = YES_AGGRESSIVE;
				CLANG_CXX_LANGUAGE_STANDARD = "gnu++20";
				CLANG_ENABLE_MODULES = YES;
				CLANG_ENABLE_OBJC_ARC = YES;
				CLANG_ENABLE_OBJC_WEAK = YES;
				CLANG_WARN_BLOCK_CAPTURE_AUTORELEASING = YES;
				CLANG_WARN_BOOL_CONVERSION = YES;
				CLANG_WARN_COMMA = YES;
				CLANG_WARN_CONSTANT_CONVERSION = YES;
				CLANG_WARN_DEPRECATED_OBJC_IMPLEMENTATIONS = YES;
				CLANG_WARN_DIRECT_OBJC_ISA_USAGE = YES_ERROR;
				CLANG_WARN_DOCUMENTATION_COMMENTS = YES;
				CLANG_WARN_EMPTY_BODY = YES;
				CLANG_WARN_ENUM_CONVERSION = YES;
				CLANG_WARN_INFINITE_RECURSION = YES;
				CLANG_WARN_INT_CONVERSION = YES;
				CLANG_WARN_NON_LITERAL_NULL_CONVERSION = YES;
				CLANG_WARN_OBJC_IMPLICIT_RETAIN_SELF = YES;
				CLANG_WARN_OBJC_LITERAL_CONVERSION = YES;
				CLANG_WARN_OBJC_ROOT_CLASS = YES_ERROR;
				CLANG_WARN_QUOTED_INCLUDE_IN_FRAMEWORK_HEADER = YES;
				CLANG_WARN_RANGE_LOOP_ANALYSIS = YES;
				CLANG_WARN_STRICT_PROTOTYPES = YES;
				CLANG_WARN_SUSPICIOUS_MOVE = YES;
				CLANG_WARN_UNGUARDED_AVAILABILITY = YES_AGGRESSIVE;
				CLANG_WARN_UNREACHABLE_CODE = YES;
				CLANG_WARN__DUPLICATE_METHOD_MATCH = YES;
				COPY_PHASE_STRIP = NO;
				DEAD_CODE_STRIPPING = YES;
				DEBUG_INFORMATION_FORMAT = dwarf;
				ENABLE_STRICT_OBJC_MSGSEND = YES;
				ENABLE_TESTABILITY = YES;
				ENABLE_USER_SCRIPT_SANDBOXING = YES;
				GCC_C_LANGUAGE_STANDARD = gnu17;
				GCC_DYNAMIC_NO_PIC = NO;
				GCC_NO_COMMON_BLOCKS = YES;
				GCC_OPTIMIZATION_LEVEL = 0;
				GCC_PREPROCESSOR_DEFINITIONS = (
					"DEBUG=1",
					"$(inherited)",
				);
				GCC_WARN_64_TO_32_BIT_CONVERSION = YES;
				GCC_WARN_ABOUT_RETURN_TYPE = YES_ERROR;
				GCC_WARN_UNDECLARED_SELECTOR = YES;
				GCC_WARN_UNINITIALIZED_AUTOS = YES_AGGRESSIVE;
				GCC_WARN_UNUSED_FUNCTION = YES;
				GCC_WARN_UNUSED_VARIABLE = YES;
				LOCALIZATION_PREFERS_STRING_CATALOGS = YES;
				MACOSX_DEPLOYMENT_TARGET = 15.0;
				MTL_ENABLE_DEBUG_INFO = INCLUDE_SOURCE;
				MTL_FAST_MATH = YES;
				ONLY_ACTIVE_ARCH = YES;
				SDKROOT = macosx;
				STRING_CATALOG_GENERATE_SYMBOLS = YES;
				SWIFT_ACTIVE_COMPILATION_CONDITIONS = "DEBUG ENABLE_NATIVE_SPEECH_ANALYZER $(inherited)";
				SWIFT_OPTIMIZATION_LEVEL = "-Onone";
			};
			name = Debug;
		};
		E11473D62CBE0F0B00318EE4 /* Release */ = {
			isa = XCBuildConfiguration;
			buildSettings = {
				ALWAYS_SEARCH_USER_PATHS = NO;
				ASSETCATALOG_COMPILER_GENERATE_SWIFT_ASSET_SYMBOL_EXTENSIONS = YES;
				CLANG_ANALYZER_NONNULL = YES;
				CLANG_ANALYZER_NUMBER_OBJECT_CONVERSION = YES_AGGRESSIVE;
				CLANG_CXX_LANGUAGE_STANDARD = "gnu++20";
				CLANG_ENABLE_MODULES = YES;
				CLANG_ENABLE_OBJC_ARC = YES;
				CLANG_ENABLE_OBJC_WEAK = YES;
				CLANG_WARN_BLOCK_CAPTURE_AUTORELEASING = YES;
				CLANG_WARN_BOOL_CONVERSION = YES;
				CLANG_WARN_COMMA = YES;
				CLANG_WARN_CONSTANT_CONVERSION = YES;
				CLANG_WARN_DEPRECATED_OBJC_IMPLEMENTATIONS = YES;
				CLANG_WARN_DIRECT_OBJC_ISA_USAGE = YES_ERROR;
				CLANG_WARN_DOCUMENTATION_COMMENTS = YES;
				CLANG_WARN_EMPTY_BODY = YES;
				CLANG_WARN_ENUM_CONVERSION = YES;
				CLANG_WARN_INFINITE_RECURSION = YES;
				CLANG_WARN_INT_CONVERSION = YES;
				CLANG_WARN_NON_LITERAL_NULL_CONVERSION = YES;
				CLANG_WARN_OBJC_IMPLICIT_RETAIN_SELF = YES;
				CLANG_WARN_OBJC_LITERAL_CONVERSION = YES;
				CLANG_WARN_OBJC_ROOT_CLASS = YES_ERROR;
				CLANG_WARN_QUOTED_INCLUDE_IN_FRAMEWORK_HEADER = YES;
				CLANG_WARN_RANGE_LOOP_ANALYSIS = YES;
				CLANG_WARN_STRICT_PROTOTYPES = YES;
				CLANG_WARN_SUSPICIOUS_MOVE = YES;
				CLANG_WARN_UNGUARDED_AVAILABILITY = YES_AGGRESSIVE;
				CLANG_WARN_UNREACHABLE_CODE = YES;
				CLANG_WARN__DUPLICATE_METHOD_MATCH = YES;
				COPY_PHASE_STRIP = NO;
				DEAD_CODE_STRIPPING = YES;
				DEBUG_INFORMATION_FORMAT = "dwarf-with-dsym";
				ENABLE_NS_ASSERTIONS = NO;
				ENABLE_STRICT_OBJC_MSGSEND = YES;
				ENABLE_USER_SCRIPT_SANDBOXING = YES;
				GCC_C_LANGUAGE_STANDARD = gnu17;
				GCC_NO_COMMON_BLOCKS = YES;
				GCC_WARN_64_TO_32_BIT_CONVERSION = YES;
				GCC_WARN_ABOUT_RETURN_TYPE = YES_ERROR;
				GCC_WARN_UNDECLARED_SELECTOR = YES;
				GCC_WARN_UNINITIALIZED_AUTOS = YES_AGGRESSIVE;
				GCC_WARN_UNUSED_FUNCTION = YES;
				GCC_WARN_UNUSED_VARIABLE = YES;
				LOCALIZATION_PREFERS_STRING_CATALOGS = YES;
				MACOSX_DEPLOYMENT_TARGET = 15.0;
				MTL_ENABLE_DEBUG_INFO = NO;
				MTL_FAST_MATH = YES;
				SDKROOT = macosx;
				STRING_CATALOG_GENERATE_SYMBOLS = YES;
				SWIFT_ACTIVE_COMPILATION_CONDITIONS = "ENABLE_NATIVE_SPEECH_ANALYZER $(inherited)";
				SWIFT_COMPILATION_MODE = wholemodule;
			};
			name = Release;
		};
		E11473D82CBE0F0B00318EE4 /* Debug */ = {
			isa = XCBuildConfiguration;
			buildSettings = {
				ARCHS = "$(ARCHS_STANDARD)";
				ASSETCATALOG_COMPILER_APPICON_NAME = AppIcon;
				ASSETCATALOG_COMPILER_GLOBAL_ACCENT_COLOR_NAME = AccentColor;
				AUTOMATION_APPLE_EVENTS = YES;
				CODE_SIGN_ENTITLEMENTS = VoiceInk/VoiceInk.entitlements;
				"CODE_SIGN_IDENTITY[sdk=macosx*]" = "Apple Development";
				CODE_SIGN_STYLE = Automatic;
				COMBINE_HIDPI_IMAGES = YES;
				CURRENT_PROJECT_VERSION = 155;
				DEAD_CODE_STRIPPING = YES;
				DEVELOPMENT_ASSET_PATHS = "\"VoiceInk/Preview Content\"";
				DEVELOPMENT_TEAM = F2NXUCKJL5;
				ENABLE_APP_SANDBOX = YES;
				ENABLE_HARDENED_RUNTIME = YES;
				ENABLE_INCOMING_NETWORK_CONNECTIONS = YES;
				ENABLE_OUTGOING_NETWORK_CONNECTIONS = YES;
				ENABLE_PREVIEWS = YES;
				ENABLE_RESOURCE_ACCESS_AUDIO_INPUT = YES;
				ENABLE_USER_SELECTED_FILES = readonly;
				GENERATE_INFOPLIST_FILE = YES;
				INFOPLIST_FILE = VoiceInk/Info.plist;
				INFOPLIST_KEY_CFBundleDisplayName = VoiceInk;
				INFOPLIST_KEY_LSApplicationCategoryType = "public.app-category.productivity";
				INFOPLIST_KEY_LSUIElement = NO;
				INFOPLIST_KEY_NSAppleEventsUsageDescription = "VoiceInk needs to interact with your browser to detect the current website for applying website-specific configurations.";
				INFOPLIST_KEY_NSHumanReadableCopyright = "";
				INFOPLIST_KEY_NSMicrophoneUsageDescription = "VoiceInk needs access to your microphone to record audio for transcription.";
				LD_RUNPATH_SEARCH_PATHS = (
					"$(inherited)",
					"@executable_path/../Frameworks",
				);
				MACOSX_DEPLOYMENT_TARGET = 14.0;
				MARKETING_VERSION = 1.55;
				PRODUCT_BUNDLE_IDENTIFIER = com.yuegr.VoiceInk;
				PRODUCT_NAME = "$(TARGET_NAME)";
				SWIFT_ACTIVE_COMPILATION_CONDITIONS = "DEBUG ENABLE_NATIVE_SPEECH_ANALYZER $(inherited)";
				SWIFT_EMIT_LOC_STRINGS = YES;
				SWIFT_VERSION = 5.0;
			};
			name = Debug;
		};
		E11473D92CBE0F0B00318EE4 /* Release */ = {
			isa = XCBuildConfiguration;
			buildSettings = {
				ARCHS = "$(ARCHS_STANDARD)";
				ASSETCATALOG_COMPILER_APPICON_NAME = AppIcon;
				ASSETCATALOG_COMPILER_GLOBAL_ACCENT_COLOR_NAME = AccentColor;
				AUTOMATION_APPLE_EVENTS = YES;
				CODE_SIGN_ENTITLEMENTS = VoiceInk/VoiceInk.entitlements;
				"CODE_SIGN_IDENTITY[sdk=macosx*]" = "Apple Development";
				CODE_SIGN_STYLE = Automatic;
				COMBINE_HIDPI_IMAGES = YES;
				CURRENT_PROJECT_VERSION = 155;
				DEAD_CODE_STRIPPING = YES;
				DEVELOPMENT_ASSET_PATHS = "\"VoiceInk/Preview Content\"";
				DEVELOPMENT_TEAM = F2NXUCKJL5;
				ENABLE_APP_SANDBOX = YES;
				ENABLE_HARDENED_RUNTIME = YES;
				ENABLE_INCOMING_NETWORK_CONNECTIONS = YES;
				ENABLE_OUTGOING_NETWORK_CONNECTIONS = YES;
				ENABLE_PREVIEWS = YES;
				ENABLE_RESOURCE_ACCESS_AUDIO_INPUT = YES;
				ENABLE_USER_SELECTED_FILES = readonly;
				GENERATE_INFOPLIST_FILE = YES;
				INFOPLIST_FILE = VoiceInk/Info.plist;
				INFOPLIST_KEY_CFBundleDisplayName = VoiceInk;
				INFOPLIST_KEY_LSApplicationCategoryType = "public.app-category.productivity";
				INFOPLIST_KEY_LSUIElement = NO;
				INFOPLIST_KEY_NSAppleEventsUsageDescription = "VoiceInk needs to interact with your browser to detect the current website for applying website-specific configurations.";
				INFOPLIST_KEY_NSHumanReadableCopyright = "";
				INFOPLIST_KEY_NSMicrophoneUsageDescription = "VoiceInk needs access to your microphone to record audio for transcription.";
				LD_RUNPATH_SEARCH_PATHS = (
					"$(inherited)",
					"@executable_path/../Frameworks",
				);
				MACOSX_DEPLOYMENT_TARGET = 14.0;
				MARKETING_VERSION = 1.55;
				PRODUCT_BUNDLE_IDENTIFIER = com.yuegr.VoiceInk;
				PRODUCT_NAME = "$(TARGET_NAME)";
				SWIFT_ACTIVE_COMPILATION_CONDITIONS = "ENABLE_NATIVE_SPEECH_ANALYZER $(inherited)";
				SWIFT_EMIT_LOC_STRINGS = YES;
				SWIFT_VERSION = 5.0;
			};
			name = Release;
		};
		E11473DB2CBE0F0B00318EE4 /* Debug */ = {
			isa = XCBuildConfiguration;
			buildSettings = {
				BUNDLE_LOADER = "$(TEST_HOST)";
				CODE_SIGN_STYLE = Automatic;
				CURRENT_PROJECT_VERSION = 1;
				DEAD_CODE_STRIPPING = YES;
				DEVELOPMENT_TEAM = V6J6A3VWY2;
				GENERATE_INFOPLIST_FILE = YES;
				MACOSX_DEPLOYMENT_TARGET = 14.0;
				MARKETING_VERSION = 1.0;
				PRODUCT_BUNDLE_IDENTIFIER = com.prakashjoshipax.VoiceInkTests;
				PRODUCT_NAME = "$(TARGET_NAME)";
				SWIFT_EMIT_LOC_STRINGS = NO;
				SWIFT_VERSION = 5.0;
				TEST_HOST = "$(BUILT_PRODUCTS_DIR)/VoiceInk.app/$(BUNDLE_EXECUTABLE_FOLDER_PATH)/VoiceInk";
			};
			name = Debug;
		};
		E11473DC2CBE0F0B00318EE4 /* Release */ = {
			isa = XCBuildConfiguration;
			buildSettings = {
				BUNDLE_LOADER = "$(TEST_HOST)";
				CODE_SIGN_STYLE = Automatic;
				CURRENT_PROJECT_VERSION = 1;
				DEAD_CODE_STRIPPING = YES;
				DEVELOPMENT_TEAM = V6J6A3VWY2;
				GENERATE_INFOPLIST_FILE = YES;
				MACOSX_DEPLOYMENT_TARGET = 14.0;
				MARKETING_VERSION = 1.0;
				PRODUCT_BUNDLE_IDENTIFIER = com.prakashjoshipax.VoiceInkTests;
				PRODUCT_NAME = "$(TARGET_NAME)";
				SWIFT_EMIT_LOC_STRINGS = NO;
				SWIFT_VERSION = 5.0;
				TEST_HOST = "$(BUILT_PRODUCTS_DIR)/VoiceInk.app/$(BUNDLE_EXECUTABLE_FOLDER_PATH)/VoiceInk";
			};
			name = Release;
		};
		E11473DE2CBE0F0B00318EE4 /* Debug */ = {
			isa = XCBuildConfiguration;
			buildSettings = {
				CODE_SIGN_STYLE = Automatic;
				CURRENT_PROJECT_VERSION = 1;
				DEAD_CODE_STRIPPING = YES;
				DEVELOPMENT_TEAM = V6J6A3VWY2;
				GENERATE_INFOPLIST_FILE = YES;
				MARKETING_VERSION = 1.0;
				PRODUCT_BUNDLE_IDENTIFIER = com.prakashjoshipax.VoiceInkUITests;
				PRODUCT_NAME = "$(TARGET_NAME)";
				SWIFT_EMIT_LOC_STRINGS = NO;
				SWIFT_VERSION = 5.0;
				TEST_TARGET_NAME = VoiceInk;
			};
			name = Debug;
		};
		E11473DF2CBE0F0B00318EE4 /* Release */ = {
			isa = XCBuildConfiguration;
			buildSettings = {
				CODE_SIGN_STYLE = Automatic;
				CURRENT_PROJECT_VERSION = 1;
				DEAD_CODE_STRIPPING = YES;
				DEVELOPMENT_TEAM = V6J6A3VWY2;
				GENERATE_INFOPLIST_FILE = YES;
				MARKETING_VERSION = 1.0;
				PRODUCT_BUNDLE_IDENTIFIER = com.prakashjoshipax.VoiceInkUITests;
				PRODUCT_NAME = "$(TARGET_NAME)";
				SWIFT_EMIT_LOC_STRINGS = NO;
				SWIFT_VERSION = 5.0;
				TEST_TARGET_NAME = VoiceInk;
			};
			name = Release;
		};
/* End XCBuildConfiguration section */

/* Begin XCConfigurationList section */
		7020AFFA2E7FD48600F7BB33 /* Build configuration list for PBXNativeTarget "VoiceInk iOS" */ = {
			isa = XCConfigurationList;
			buildConfigurations = (
				7020AFFB2E7FD48600F7BB33 /* Debug */,
				7020AFFC2E7FD48600F7BB33 /* Release */,
			);
			defaultConfigurationIsVisible = 0;
			defaultConfigurationName = Release;
		};
		E11473AB2CBE0F0A00318EE4 /* Build configuration list for PBXProject "VoiceInk" */ = {
			isa = XCConfigurationList;
			buildConfigurations = (
				E11473D52CBE0F0B00318EE4 /* Debug */,
				E11473D62CBE0F0B00318EE4 /* Release */,
			);
			defaultConfigurationIsVisible = 0;
			defaultConfigurationName = Release;
		};
		E11473D72CBE0F0B00318EE4 /* Build configuration list for PBXNativeTarget "VoiceInk" */ = {
			isa = XCConfigurationList;
			buildConfigurations = (
				E11473D82CBE0F0B00318EE4 /* Debug */,
				E11473D92CBE0F0B00318EE4 /* Release */,
			);
			defaultConfigurationIsVisible = 0;
			defaultConfigurationName = Release;
		};
		E11473DA2CBE0F0B00318EE4 /* Build configuration list for PBXNativeTarget "VoiceInkTests" */ = {
			isa = XCConfigurationList;
			buildConfigurations = (
				E11473DB2CBE0F0B00318EE4 /* Debug */,
				E11473DC2CBE0F0B00318EE4 /* Release */,
			);
			defaultConfigurationIsVisible = 0;
			defaultConfigurationName = Release;
		};
		E11473DD2CBE0F0B00318EE4 /* Build configuration list for PBXNativeTarget "VoiceInkUITests" */ = {
			isa = XCConfigurationList;
			buildConfigurations = (
				E11473DE2CBE0F0B00318EE4 /* Debug */,
				E11473DF2CBE0F0B00318EE4 /* Release */,
			);
			defaultConfigurationIsVisible = 0;
			defaultConfigurationName = Release;
		};
/* End XCConfigurationList section */

/* Begin XCRemoteSwiftPackageReference section */
		7020AFEA2E7FD48600F7BB33 /* XCRemoteSwiftPackageReference "Zip" */ = {
			isa = XCRemoteSwiftPackageReference;
			repositoryURL = "https://github.com/marmelroy/Zip";
			requirement = {
				kind = upToNextMajorVersion;
				minimumVersion = 2.1.2;
			};
		};
		7020AFEC2E7FD48600F7BB33 /* XCRemoteSwiftPackageReference "FluidAudio" */ = {
			isa = XCRemoteSwiftPackageReference;
			repositoryURL = "https://github.com/FluidInference/FluidAudio";
			requirement = {
				branch = main;
				kind = branch;
			};
		};
		7020B0062E7FD8AC00F7BB33 /* XCRemoteSwiftPackageReference "KeyboardShortcuts" */ = {
			isa = XCRemoteSwiftPackageReference;
			repositoryURL = "https://github.com/sindresorhus/KeyboardShortcuts";
			requirement = {
				kind = exactVersion;
				version = 2.3.0;
			};
		};
		7020B0092E7FD90D00F7BB33 /* XCRemoteSwiftPackageReference "Sparkle" */ = {
			isa = XCRemoteSwiftPackageReference;
			repositoryURL = "https://github.com/sparkle-project/Sparkle";
			requirement = {
				kind = exactVersion;
				version = 2.7.1;
			};
		};
		7020B0122E7FE05B00F7BB33 /* XCRemoteSwiftPackageReference "mediaremote-adapter" */ = {
			isa = XCRemoteSwiftPackageReference;
			repositoryURL = "https://github.com/ejbills/mediaremote-adapter";
			requirement = {
				branch = master;
				kind = branch;
			};
		};
		E11BBA4C2E5DC555000AB839 /* XCRemoteSwiftPackageReference "FluidAudio" */ = {
			isa = XCRemoteSwiftPackageReference;
			repositoryURL = "https://github.com/FluidInference/FluidAudio";
			requirement = {
				branch = main;
				kind = branch;
			};
		};
		E1ADD4582CC5352A00303ECB /* XCRemoteSwiftPackageReference "LaunchAtLogin-Modern" */ = {
			isa = XCRemoteSwiftPackageReference;
			repositoryURL = "https://github.com/sindresorhus/LaunchAtLogin-Modern";
			requirement = {
				branch = main;
				kind = branch;
			};
		};
		E1ECEC142E44590200DFFBA8 /* XCRemoteSwiftPackageReference "Zip" */ = {
			isa = XCRemoteSwiftPackageReference;
			repositoryURL = "https://github.com/marmelroy/Zip";
			requirement = {
				kind = upToNextMajorVersion;
				minimumVersion = 2.1.2;
			};
		};
/* End XCRemoteSwiftPackageReference section */

/* Begin XCSwiftPackageProductDependency section */
		7020AFE92E7FD48600F7BB33 /* Zip */ = {
			isa = XCSwiftPackageProductDependency;
			package = 7020AFEA2E7FD48600F7BB33 /* XCRemoteSwiftPackageReference "Zip" */;
			productName = Zip;
		};
		7020AFEB2E7FD48600F7BB33 /* FluidAudio */ = {
			isa = XCSwiftPackageProductDependency;
			package = 7020AFEC2E7FD48600F7BB33 /* XCRemoteSwiftPackageReference "FluidAudio" */;
			productName = FluidAudio;
		};
		7020B0072E7FD8AC00F7BB33 /* KeyboardShortcuts */ = {
			isa = XCSwiftPackageProductDependency;
			package = 7020B0062E7FD8AC00F7BB33 /* XCRemoteSwiftPackageReference "KeyboardShortcuts" */;
			productName = KeyboardShortcuts;
		};
		7020B00A2E7FD90D00F7BB33 /* Sparkle */ = {
			isa = XCSwiftPackageProductDependency;
			package = 7020B0092E7FD90D00F7BB33 /* XCRemoteSwiftPackageReference "Sparkle" */;
			productName = Sparkle;
		};
		7020B0132E7FE05B00F7BB33 /* MediaRemoteAdapter */ = {
			isa = XCSwiftPackageProductDependency;
			package = 7020B0122E7FE05B00F7BB33 /* XCRemoteSwiftPackageReference "mediaremote-adapter" */;
			productName = MediaRemoteAdapter;
		};
		E11BBA4D2E5DC555000AB839 /* FluidAudio */ = {
			isa = XCSwiftPackageProductDependency;
			package = E11BBA4C2E5DC555000AB839 /* XCRemoteSwiftPackageReference "FluidAudio" */;
			productName = FluidAudio;
		};
		E1ADD4592CC5352A00303ECB /* LaunchAtLogin */ = {
			isa = XCSwiftPackageProductDependency;
			package = E1ADD4582CC5352A00303ECB /* XCRemoteSwiftPackageReference "LaunchAtLogin-Modern" */;
			productName = LaunchAtLogin;
		};
		E1ECEC152E44591300DFFBA8 /* Zip */ = {
			isa = XCSwiftPackageProductDependency;
			package = E1ECEC142E44590200DFFBA8 /* XCRemoteSwiftPackageReference "Zip" */;
			productName = Zip;
		};
/* End XCSwiftPackageProductDependency section */
	};
	rootObject = E11473A82CBE0F0A00318EE4 /* Project object */;
}
